dependencies:
  bblanchon/arduinojson:
    component_hash: f585ce68e53fbee4ac5fb2a6921d495934c8cd6268f64af7869b5721ab5aebf5
    source:
      service_url: https://api.components.espressif.com/
      type: service
    version: 6.20.0-1
  espressif/esp_lcd_gc9a01:
    component_hash: 0a669137fb2e6979d51aa1c3ed5bd3368fe231aa24815e83751a038202d58d32
    source:
      service_url: https://api.components.espressif.com/
      type: service
    version: 1.0.1
  espressif/esp_lcd_touch:
    component_hash: 805a51c99c8b532ee762a77a03a49b9f5ca2b45413faea63d2146ec85cfcdee2
    source:
      service_url: https://api.components.espressif.com/
      type: service
    version: 1.0.3
  espressif/esp_lvgl_port:
    component_hash: 6821066c79fd4920077cb4449c68fde741783a545cae5b6b6019eedad7afa00f
    source:
      service_url: https://api.components.espressif.com/
      type: service
    version: 1.1.0
  idf:
    component_hash: null
    source:
      type: idf
    version: 5.0.1
  lvgl/lvgl:
    component_hash: 7b7ee85e48c2eb35bb242a8c7e0e4cd702e150541afb3f69089fb7ba81554d14
    source:
      service_url: https://api.components.espressif.com/
      type: service
    version: 8.3.0
manifest_hash: a514cdb2e0e174b05435de31783b6bfd3dc6de092ff361f745e37ceb146f8774
target: esp32s3
version: 1.0.0
